// !$*UTF8*$!
{
	archiveVersion = 1;
	classes = {
	};
	objectVersion = 56;
	objects = {

/* Begin PBXBuildFile section */
		001 /* EdithApp.swift in Sources */ = {isa = PBXBuildFile; fileRef = 101; };
		002 /* ContentView.swift in Sources */ = {isa = PBXBuildFile; fileRef = 102; };
		003 /* TextDocument.swift in Sources */ = {isa = PBXBuildFile; fileRef = 103; };
		004 /* EditorView.swift in Sources */ = {isa = PBXBuildFile; fileRef = 104; };
		005 /* SettingsManager.swift in Sources */ = {isa = PBXBuildFile; fileRef = 105; };
		006 /* SettingsView.swift in Sources */ = {isa = PBXBuildFile; fileRef = 106; };
		007 /* Assets.xcassets in Resources */ = {isa = PBXBuildFile; fileRef = 201; };
		008 /* DocumentRestoreManager.swift in Sources */ = {isa = PBXBuildFile; fileRef = 107; };
		009 /* HelpView.swift in Sources */ = {isa = PBXBuildFile; fileRef = 108; };
		010 /* StatusBar.swift in Sources */ = {isa = PBXBuildFile; fileRef = 109; };
		011 /* SyntaxLanguage.swift in Sources */ = {isa = PBXBuildFile; fileRef = 110; };
		012 /* SyntaxHighlighter.swift in Sources */ = {isa = PBXBuildFile; fileRef = 111; };
		P01 /* HighlightSwift in Frameworks */ = {isa = PBXBuildFile; productRef = P02 /* HighlightSwift */; };
		T01 /* LineNumberGutterTests.swift in Sources */ = {isa = PBXBuildFile; fileRef = T10; };
		T03 /* TextEncodingTests.swift in Sources */ = {isa = PBXBuildFile; fileRef = T12; };
		T04 /* MenuStructureTests.swift in Sources */ = {isa = PBXBuildFile; fileRef = T13; };
		T05 /* SettingsPersistenceTests.swift in Sources */ = {isa = PBXBuildFile; fileRef = T14; };
		T06 /* ZoomFunctionalityTests.swift in Sources */ = {isa = PBXBuildFile; fileRef = T15; };
		T07 /* SessionRestoreTests.swift in Sources */ = {isa = PBXBuildFile; fileRef = T16; };
		T08 /* StatusBarTests.swift in Sources */ = {isa = PBXBuildFile; fileRef = T17; };
		T09 /* FileWatcherTests.swift in Sources */ = {isa = PBXBuildFile; fileRef = T18; };
		T0A /* SyntaxHighlighterTests.swift in Sources */ = {isa = PBXBuildFile; fileRef = T19; };
		U01 /* ZoomUITests.swift in Sources */ = {isa = PBXBuildFile; fileRef = U10; };
		U03 /* SessionRestoreUITests.swift in Sources */ = {isa = PBXBuildFile; fileRef = U12; };
/* End PBXBuildFile section */

/* Begin PBXContainerItemProxy section */
		T02 /* PBXContainerItemProxy */ = {
			isa = PBXContainerItemProxy;
			containerPortal = 900 /* Project object */;
			proxyType = 1;
			remoteGlobalIDString = 700;
			remoteInfo = Edith;
		};
		U02 /* PBXContainerItemProxy */ = {
			isa = PBXContainerItemProxy;
			containerPortal = 900 /* Project object */;
			proxyType = 1;
			remoteGlobalIDString = 700;
			remoteInfo = Edith;
		};
/* End PBXContainerItemProxy section */

/* Begin PBXFileReference section */
		101 /* EdithApp.swift */ = {isa = PBXFileReference; lastKnownFileType = sourcecode.swift; path = EdithApp.swift; sourceTree = "<group>"; };
		102 /* ContentView.swift */ = {isa = PBXFileReference; lastKnownFileType = sourcecode.swift; path = ContentView.swift; sourceTree = "<group>"; };
		103 /* TextDocument.swift */ = {isa = PBXFileReference; lastKnownFileType = sourcecode.swift; path = TextDocument.swift; sourceTree = "<group>"; };
		104 /* EditorView.swift */ = {isa = PBXFileReference; lastKnownFileType = sourcecode.swift; path = EditorView.swift; sourceTree = "<group>"; };
		105 /* SettingsManager.swift */ = {isa = PBXFileReference; lastKnownFileType = sourcecode.swift; path = SettingsManager.swift; sourceTree = "<group>"; };
		106 /* SettingsView.swift */ = {isa = PBXFileReference; lastKnownFileType = sourcecode.swift; path = SettingsView.swift; sourceTree = "<group>"; };
		107 /* DocumentRestoreManager.swift */ = {isa = PBXFileReference; lastKnownFileType = sourcecode.swift; path = DocumentRestoreManager.swift; sourceTree = "<group>"; };
		108 /* HelpView.swift */ = {isa = PBXFileReference; lastKnownFileType = sourcecode.swift; path = HelpView.swift; sourceTree = "<group>"; };
		109 /* StatusBar.swift */ = {isa = PBXFileReference; lastKnownFileType = sourcecode.swift; path = StatusBar.swift; sourceTree = "<group>"; };
		110 /* SyntaxLanguage.swift */ = {isa = PBXFileReference; lastKnownFileType = sourcecode.swift; path = SyntaxLanguage.swift; sourceTree = "<group>"; };
		111 /* SyntaxHighlighter.swift */ = {isa = PBXFileReference; lastKnownFileType = sourcecode.swift; path = SyntaxHighlighter.swift; sourceTree = "<group>"; };
		112 /* Info.plist */ = {isa = PBXFileReference; lastKnownFileType = text.plist.xml; path = Info.plist; sourceTree = "<group>"; };
		201 /* Assets.xcassets */ = {isa = PBXFileReference; lastKnownFileType = folder.assetcatalog; path = Assets.xcassets; sourceTree = "<group>"; };
		301 /* Edith.app */ = {isa = PBXFileReference; explicitFileType = wrapper.application; includeInIndex = 0; path = Edith.app; sourceTree = BUILT_PRODUCTS_DIR; };
		401 /* Edith.entitlements */ = {isa = PBXFileReference; lastKnownFileType = text.plist.entitlements; path = Edith.entitlements; sourceTree = "<group>"; };
		T10 /* LineNumberGutterTests.swift */ = {isa = PBXFileReference; lastKnownFileType = sourcecode.swift; path = LineNumberGutterTests.swift; sourceTree = "<group>"; };
		T11 /* EdithTests.xctest */ = {isa = PBXFileReference; explicitFileType = wrapper.cfbundle; includeInIndex = 0; path = EdithTests.xctest; sourceTree = BUILT_PRODUCTS_DIR; };
		T12 /* TextEncodingTests.swift */ = {isa = PBXFileReference; lastKnownFileType = sourcecode.swift; path = TextEncodingTests.swift; sourceTree = "<group>"; };
		T13 /* MenuStructureTests.swift */ = {isa = PBXFileReference; lastKnownFileType = sourcecode.swift; path = MenuStructureTests.swift; sourceTree = "<group>"; };
		T14 /* SettingsPersistenceTests.swift */ = {isa = PBXFileReference; lastKnownFileType = sourcecode.swift; path = SettingsPersistenceTests.swift; sourceTree = "<group>"; };
		T15 /* ZoomFunctionalityTests.swift */ = {isa = PBXFileReference; lastKnownFileType = sourcecode.swift; path = ZoomFunctionalityTests.swift; sourceTree = "<group>"; };
		T16 /* SessionRestoreTests.swift */ = {isa = PBXFileReference; lastKnownFileType = sourcecode.swift; path = SessionRestoreTests.swift; sourceTree = "<group>"; };
		T17 /* StatusBarTests.swift */ = {isa = PBXFileReference; lastKnownFileType = sourcecode.swift; path = StatusBarTests.swift; sourceTree = "<group>"; };
		T18 /* FileWatcherTests.swift */ = {isa = PBXFileReference; lastKnownFileType = sourcecode.swift; path = FileWatcherTests.swift; sourceTree = "<group>"; };
		T19 /* SyntaxHighlighterTests.swift */ = {isa = PBXFileReference; lastKnownFileType = sourcecode.swift; path = SyntaxHighlighterTests.swift; sourceTree = "<group>"; };
		U10 /* ZoomUITests.swift */ = {isa = PBXFileReference; lastKnownFileType = sourcecode.swift; path = ZoomUITests.swift; sourceTree = "<group>"; };
		U11 /* EdithUITests.xctest */ = {isa = PBXFileReference; explicitFileType = wrapper.cfbundle; includeInIndex = 0; path = EdithUITests.xctest; sourceTree = BUILT_PRODUCTS_DIR; };
		U12 /* SessionRestoreUITests.swift */ = {isa = PBXFileReference; lastKnownFileType = sourcecode.swift; path = SessionRestoreUITests.swift; sourceTree = "<group>"; };
/* End PBXFileReference section */

/* Begin PBXFrameworksBuildPhase section */
		501 /* Frameworks */ = {
			isa = PBXFrameworksBuildPhase;
			buildActionMask = 2147483647;
			files = (
				P01 /* HighlightSwift in Frameworks */,
			);
			runOnlyForDeploymentPostprocessing = 0;
		};
/* End PBXFrameworksBuildPhase section */

/* Begin PBXGroup section */
		600 = {
			isa = PBXGroup;
			children = (
				601 /* Edith */,
				T20 /* EdithTests */,
				U20 /* EdithUITests */,
				602 /* Products */,
			);
			sourceTree = "<group>";
		};
		601 /* Edith */ = {
			isa = PBXGroup;
			children = (
				101 /* EdithApp.swift */,
				102 /* ContentView.swift */,
				103 /* TextDocument.swift */,
				104 /* EditorView.swift */,
				105 /* SettingsManager.swift */,
				106 /* SettingsView.swift */,
				107 /* DocumentRestoreManager.swift */,
				108 /* HelpView.swift */,
				109 /* StatusBar.swift */,
				110 /* SyntaxLanguage.swift */,
				111 /* SyntaxHighlighter.swift */,
				112 /* Info.plist */,
				201 /* Assets.xcassets */,
				401 /* Edith.entitlements */,
			);
			path = Edith;
			sourceTree = "<group>";
		};
		602 /* Products */ = {
			isa = PBXGroup;
			children = (
				301 /* Edith.app */,
				T11 /* EdithTests.xctest */,
				U11 /* EdithUITests.xctest */,
			);
			name = Products;
			sourceTree = "<group>";
		};
		T20 /* EdithTests */ = {
			isa = PBXGroup;
			children = (
				T10 /* LineNumberGutterTests.swift */,
				T12 /* TextEncodingTests.swift */,
				T13 /* MenuStructureTests.swift */,
				T14 /* SettingsPersistenceTests.swift */,
				T15 /* ZoomFunctionalityTests.swift */,
				T16 /* SessionRestoreTests.swift */,
				T17 /* StatusBarTests.swift */,
				T18 /* FileWatcherTests.swift */,
				T19 /* SyntaxHighlighterTests.swift */,
			);
			path = EdithTests;
			sourceTree = "<group>";
		};
		U20 /* EdithUITests */ = {
			isa = PBXGroup;
			children = (
				U10 /* ZoomUITests.swift */,
				U12 /* SessionRestoreUITests.swift */,
			);
			path = EdithUITests;
			sourceTree = "<group>";
		};
/* End PBXGroup section */

/* Begin PBXNativeTarget section */
		700 /* Edith */ = {
			isa = PBXNativeTarget;
			buildConfigurationList = 800;
			buildPhases = (
				701 /* Sources */,
				501 /* Frameworks */,
				702 /* Resources */,
			);
			buildRules = (
			);
			dependencies = (
			);
			name = Edith;
			packageProductDependencies = (
				P02 /* HighlightSwift */,
			);
			productName = Edith;
			productReference = 301 /* Edith.app */;
			productType = "com.apple.product-type.application";
		};
		T30 /* EdithTests */ = {
			isa = PBXNativeTarget;
			buildConfigurationList = T80;
			buildPhases = (
				T31 /* Sources */,
				T32 /* Frameworks */,
			);
			buildRules = (
			);
			dependencies = (
				T33 /* PBXTargetDependency */,
			);
			name = EdithTests;
			productName = EdithTests;
			productReference = T11 /* EdithTests.xctest */;
			productType = "com.apple.product-type.bundle.unit-test";
		};
		U30 /* EdithUITests */ = {
			isa = PBXNativeTarget;
			buildConfigurationList = U80;
			buildPhases = (
				U31 /* Sources */,
				U32 /* Frameworks */,
			);
			buildRules = (
			);
			dependencies = (
				U33 /* PBXTargetDependency */,
			);
			name = EdithUITests;
			productName = EdithUITests;
			productReference = U11 /* EdithUITests.xctest */;
			productType = "com.apple.product-type.bundle.ui-testing";
		};
/* End PBXNativeTarget section */

/* Begin PBXProject section */
		900 /* Project object */ = {
			isa = PBXProject;
			attributes = {
				BuildIndependentTargetsInParallel = 1;
				LastSwiftUpdateCheck = 1500;
				LastUpgradeCheck = 1500;
				TargetAttributes = {
					700 = {
						CreatedOnToolsVersion = 15.0;
					};
				};
			};
			buildConfigurationList = 901;
			compatibilityVersion = "Xcode 14.0";
			developmentRegion = en;
			hasScannedForEncodings = 0;
			knownRegions = (
				en,
				Base,
			);
			mainGroup = 600;
			packageReferences = (
				P03 /* XCRemoteSwiftPackageReference "HighlightSwift" */,
			);
			productRefGroup = 602 /* Products */;
			projectDirPath = "";
			projectRoot = "";
			targets = (
				700 /* Edith */,
				T30 /* EdithTests */,
				U30 /* EdithUITests */,
			);
		};
/* End PBXProject section */

/* Begin PBXResourcesBuildPhase section */
		702 /* Resources */ = {
			isa = PBXResourcesBuildPhase;
			buildActionMask = 2147483647;
			files = (
				007 /* Assets.xcassets in Resources */,
			);
			runOnlyForDeploymentPostprocessing = 0;
		};
/* End PBXResourcesBuildPhase section */

/* Begin PBXSourcesBuildPhase section */
		701 /* Sources */ = {
			isa = PBXSourcesBuildPhase;
			buildActionMask = 2147483647;
			files = (
				001 /* EdithApp.swift in Sources */,
				002 /* ContentView.swift in Sources */,
				003 /* TextDocument.swift in Sources */,
				004 /* EditorView.swift in Sources */,
				005 /* SettingsManager.swift in Sources */,
				006 /* SettingsView.swift in Sources */,
				008 /* DocumentRestoreManager.swift in Sources */,
				009 /* HelpView.swift in Sources */,
				010 /* StatusBar.swift in Sources */,
				011 /* SyntaxLanguage.swift in Sources */,
				012 /* SyntaxHighlighter.swift in Sources */,
			);
			runOnlyForDeploymentPostprocessing = 0;
		};
		T31 /* Sources */ = {
			isa = PBXSourcesBuildPhase;
			buildActionMask = 2147483647;
			files = (
				T01 /* LineNumberGutterTests.swift in Sources */,
				T03 /* TextEncodingTests.swift in Sources */,
				T04 /* MenuStructureTests.swift in Sources */,
				T05 /* SettingsPersistenceTests.swift in Sources */,
				T06 /* ZoomFunctionalityTests.swift in Sources */,
				T07 /* SessionRestoreTests.swift in Sources */,
				T08 /* StatusBarTests.swift in Sources */,
				T09 /* FileWatcherTests.swift in Sources */,
				T0A /* SyntaxHighlighterTests.swift in Sources */,
			);
			runOnlyForDeploymentPostprocessing = 0;
		};
		U31 /* Sources */ = {
			isa = PBXSourcesBuildPhase;
			buildActionMask = 2147483647;
			files = (
				U01 /* ZoomUITests.swift in Sources */,
				U03 /* SessionRestoreUITests.swift in Sources */,
			);
			runOnlyForDeploymentPostprocessing = 0;
		};
/* End PBXSourcesBuildPhase section */

/* Begin PBXTargetDependency section */
		T33 /* PBXTargetDependency */ = {
			isa = PBXTargetDependency;
			target = 700 /* Edith */;
			targetProxy = T02 /* PBXContainerItemProxy */;
		};
		U33 /* PBXTargetDependency */ = {
			isa = PBXTargetDependency;
			target = 700 /* Edith */;
			targetProxy = U02 /* PBXContainerItemProxy */;
		};
/* End PBXTargetDependency section */

/* Begin PBXFrameworksBuildPhase section */
		501 /* Frameworks */ = {
			isa = PBXFrameworksBuildPhase;
			buildActionMask = 2147483647;
			files = (
			);
			runOnlyForDeploymentPostprocessing = 0;
		};
		T32 /* Frameworks */ = {
			isa = PBXFrameworksBuildPhase;
			buildActionMask = 2147483647;
			files = (
			);
			runOnlyForDeploymentPostprocessing = 0;
		};
		U32 /* Frameworks */ = {
			isa = PBXFrameworksBuildPhase;
			buildActionMask = 2147483647;
			files = (
			);
			runOnlyForDeploymentPostprocessing = 0;
		};
/* End PBXFrameworksBuildPhase section */

/* Begin XCBuildConfiguration section */
		A01 /* Debug */ = {
			isa = XCBuildConfiguration;
			buildSettings = {
				ALWAYS_SEARCH_USER_PATHS = NO;
				ASSETCATALOG_COMPILER_GENERATE_SWIFT_ASSET_SYMBOL_EXTENSIONS = YES;
				CLANG_ANALYZER_NONNULL = YES;
				CLANG_ANALYZER_NUMBER_OBJECT_CONVERSION = YES_AGGRESSIVE;
				CLANG_CXX_LANGUAGE_STANDARD = "gnu++20";
				CLANG_ENABLE_MODULES = YES;
				CLANG_ENABLE_OBJC_ARC = YES;
				CLANG_ENABLE_OBJC_WEAK = YES;
				CLANG_WARN_BLOCK_CAPTURE_AUTORELEASING = YES;
				CLANG_WARN_BOOL_CONVERSION = YES;
				CLANG_WARN_COMMA = YES;
				CLANG_WARN_CONSTANT_CONVERSION = YES;
				CLANG_WARN_DEPRECATED_OBJC_IMPLEMENTATIONS = YES;
				CLANG_WARN_DIRECT_OBJC_ISA_USAGE = YES_ERROR;
				CLANG_WARN_DOCUMENTATION_COMMENTS = YES;
				CLANG_WARN_EMPTY_BODY = YES;
				CLANG_WARN_ENUM_CONVERSION = YES;
				CLANG_WARN_INFINITE_RECURSION = YES;
				CLANG_WARN_INT_CONVERSION = YES;
				CLANG_WARN_NON_LITERAL_NULL_CONVERSION = YES;
				CLANG_WARN_OBJC_IMPLICIT_RETAIN_SELF = YES;
				CLANG_WARN_OBJC_LITERAL_CONVERSION = YES;
				CLANG_WARN_OBJC_ROOT_CLASS = YES_ERROR;
				CLANG_WARN_QUOTED_INCLUDE_IN_FRAMEWORK_HEADER = YES;
				CLANG_WARN_RANGE_LOOP_ANALYSIS = YES;
				CLANG_WARN_STRICT_PROTOTYPES = YES;
				CLANG_WARN_SUSPICIOUS_MOVE = YES;
				CLANG_WARN_UNGUARDED_AVAILABILITY = YES_AGGRESSIVE;
				CLANG_WARN_UNREACHABLE_CODE = YES;
				CLANG_WARN__DUPLICATE_METHOD_MATCH = YES;
				COPY_PHASE_STRIP = NO;
				DEBUG_INFORMATION_FORMAT = dwarf;
				ENABLE_STRICT_OBJC_MSGSEND = YES;
				ENABLE_TESTABILITY = YES;
				ENABLE_USER_SCRIPT_SANDBOXING = YES;
				GCC_C_LANGUAGE_STANDARD = gnu17;
				GCC_DYNAMIC_NO_PIC = NO;
				GCC_NO_COMMON_BLOCKS = YES;
				GCC_OPTIMIZATION_LEVEL = 0;
				GCC_PREPROCESSOR_DEFINITIONS = (
					"DEBUG=1",
					"$(inherited)",
				);
				GCC_WARN_64_TO_32_BIT_CONVERSION = YES;
				GCC_WARN_ABOUT_RETURN_TYPE = YES_ERROR;
				GCC_WARN_UNDECLARED_SELECTOR = YES;
				GCC_WARN_UNINITIALIZED_AUTOS = YES_AGGRESSIVE;
				GCC_WARN_UNUSED_FUNCTION = YES;
				GCC_WARN_UNUSED_VARIABLE = YES;
				LOCALIZATION_PREFERS_STRING_CATALOGS = YES;
				MACOSX_DEPLOYMENT_TARGET = 13.0;
				MTL_ENABLE_DEBUG_INFO = INCLUDE_SOURCE;
				MTL_FAST_MATH = YES;
				ONLY_ACTIVE_ARCH = YES;
				SDKROOT = macosx;
				SWIFT_ACTIVE_COMPILATION_CONDITIONS = "DEBUG $(inherited)";
				SWIFT_OPTIMIZATION_LEVEL = "-Onone";
			};
			name = Debug;
		};
		A02 /* Release */ = {
			isa = XCBuildConfiguration;
			buildSettings = {
				ALWAYS_SEARCH_USER_PATHS = NO;
				ASSETCATALOG_COMPILER_GENERATE_SWIFT_ASSET_SYMBOL_EXTENSIONS = YES;
				CLANG_ANALYZER_NONNULL = YES;
				CLANG_ANALYZER_NUMBER_OBJECT_CONVERSION = YES_AGGRESSIVE;
				CLANG_CXX_LANGUAGE_STANDARD = "gnu++20";
				CLANG_ENABLE_MODULES = YES;
				CLANG_ENABLE_OBJC_ARC = YES;
				CLANG_ENABLE_OBJC_WEAK = YES;
				CLANG_WARN_BLOCK_CAPTURE_AUTORELEASING = YES;
				CLANG_WARN_BOOL_CONVERSION = YES;
				CLANG_WARN_COMMA = YES;
				CLANG_WARN_CONSTANT_CONVERSION = YES;
				CLANG_WARN_DEPRECATED_OBJC_IMPLEMENTATIONS = YES;
				CLANG_WARN_DIRECT_OBJC_ISA_USAGE = YES_ERROR;
				CLANG_WARN_DOCUMENTATION_COMMENTS = YES;
				CLANG_WARN_EMPTY_BODY = YES;
				CLANG_WARN_ENUM_CONVERSION = YES;
				CLANG_WARN_INFINITE_RECURSION = YES;
				CLANG_WARN_INT_CONVERSION = YES;
				CLANG_WARN_NON_LITERAL_NULL_CONVERSION = YES;
				CLANG_WARN_OBJC_IMPLICIT_RETAIN_SELF = YES;
				CLANG_WARN_OBJC_LITERAL_CONVERSION = YES;
				CLANG_WARN_OBJC_ROOT_CLASS = YES_ERROR;
				CLANG_WARN_QUOTED_INCLUDE_IN_FRAMEWORK_HEADER = YES;
				CLANG_WARN_RANGE_LOOP_ANALYSIS = YES;
				CLANG_WARN_STRICT_PROTOTYPES = YES;
				CLANG_WARN_SUSPICIOUS_MOVE = YES;
				CLANG_WARN_UNGUARDED_AVAILABILITY = YES_AGGRESSIVE;
				CLANG_WARN_UNREACHABLE_CODE = YES;
				CLANG_WARN__DUPLICATE_METHOD_MATCH = YES;
				COPY_PHASE_STRIP = NO;
				DEBUG_INFORMATION_FORMAT = "dwarf-with-dsym";
				ENABLE_NS_ASSERTIONS = NO;
				ENABLE_STRICT_OBJC_MSGSEND = YES;
				ENABLE_USER_SCRIPT_SANDBOXING = YES;
				GCC_C_LANGUAGE_STANDARD = gnu17;
				GCC_NO_COMMON_BLOCKS = YES;
				GCC_WARN_64_TO_32_BIT_CONVERSION = YES;
				GCC_WARN_ABOUT_RETURN_TYPE = YES_ERROR;
				GCC_WARN_UNDECLARED_SELECTOR = YES;
				GCC_WARN_UNINITIALIZED_AUTOS = YES_AGGRESSIVE;
				GCC_WARN_UNUSED_FUNCTION = YES;
				GCC_WARN_UNUSED_VARIABLE = YES;
				LOCALIZATION_PREFERS_STRING_CATALOGS = YES;
				MACOSX_DEPLOYMENT_TARGET = 13.0;
				MTL_ENABLE_DEBUG_INFO = NO;
				MTL_FAST_MATH = YES;
				SDKROOT = macosx;
				SWIFT_COMPILATION_MODE = wholemodule;
			};
			name = Release;
		};
		A03 /* Debug */ = {
			isa = XCBuildConfiguration;
			buildSettings = {
				ASSETCATALOG_COMPILER_APPICON_NAME = AppIcon;
				ASSETCATALOG_COMPILER_GLOBAL_ACCENT_COLOR_NAME = AccentColor;
				CODE_SIGN_ENTITLEMENTS = Edith/Edith.entitlements;
				CODE_SIGN_STYLE = Automatic;
				COMBINE_HIDPI_IMAGES = YES;
				CURRENT_PROJECT_VERSION = 1;
				DEVELOPMENT_ASSET_PATHS = "";
				ENABLE_PREVIEWS = YES;
				GENERATE_INFOPLIST_FILE = YES;
				INFOPLIST_FILE = Edith/Info.plist;
				INFOPLIST_KEY_CFBundleDisplayName = Edith;
				INFOPLIST_KEY_LSApplicationCategoryType = "public.app-category.productivity";
				INFOPLIST_KEY_NSHumanReadableCopyright = "";
				LD_RUNPATH_SEARCH_PATHS = (
					"$(inherited)",
					"@executable_path/../Frameworks",
				);
				MARKETING_VERSION = 1.0;
				PRODUCT_BUNDLE_IDENTIFIER = com.edith.texteditor;
				PRODUCT_NAME = "$(TARGET_NAME)";
				SWIFT_EMIT_LOC_STRINGS = YES;
				SWIFT_VERSION = 5.0;
			};
			name = Debug;
		};
		A04 /* Release */ = {
			isa = XCBuildConfiguration;
			buildSettings = {
				ASSETCATALOG_COMPILER_APPICON_NAME = AppIcon;
				ASSETCATALOG_COMPILER_GLOBAL_ACCENT_COLOR_NAME = AccentColor;
				CODE_SIGN_ENTITLEMENTS = Edith/Edith.entitlements;
				CODE_SIGN_STYLE = Automatic;
				COMBINE_HIDPI_IMAGES = YES;
				CURRENT_PROJECT_VERSION = 1;
				DEVELOPMENT_ASSET_PATHS = "";
				ENABLE_PREVIEWS = YES;
				GENERATE_INFOPLIST_FILE = YES;
				INFOPLIST_FILE = Edith/Info.plist;
				INFOPLIST_KEY_CFBundleDisplayName = Edith;
				INFOPLIST_KEY_LSApplicationCategoryType = "public.app-category.productivity";
				INFOPLIST_KEY_NSHumanReadableCopyright = "";
				LD_RUNPATH_SEARCH_PATHS = (
					"$(inherited)",
					"@executable_path/../Frameworks",
				);
				MARKETING_VERSION = 1.0;
				PRODUCT_BUNDLE_IDENTIFIER = com.edith.texteditor;
				PRODUCT_NAME = "$(TARGET_NAME)";
				SWIFT_EMIT_LOC_STRINGS = YES;
				SWIFT_VERSION = 5.0;
			};
			name = Release;
		};
		T81 /* Debug */ = {
			isa = XCBuildConfiguration;
			buildSettings = {
				BUNDLE_LOADER = "$(TEST_HOST)";
				CODE_SIGN_STYLE = Automatic;
				CURRENT_PROJECT_VERSION = 1;
				GENERATE_INFOPLIST_FILE = YES;
				MACOSX_DEPLOYMENT_TARGET = 13.0;
				MARKETING_VERSION = 1.0;
				PRODUCT_BUNDLE_IDENTIFIER = com.edith.EdithTests;
				PRODUCT_NAME = "$(TARGET_NAME)";
				SWIFT_EMIT_LOC_STRINGS = NO;
				SWIFT_VERSION = 5.0;
				TEST_HOST = "$(BUILT_PRODUCTS_DIR)/Edith.app/$(BUNDLE_EXECUTABLE_FOLDER_PATH)/Edith";
			};
			name = Debug;
		};
		T82 /* Release */ = {
			isa = XCBuildConfiguration;
			buildSettings = {
				BUNDLE_LOADER = "$(TEST_HOST)";
				CODE_SIGN_STYLE = Automatic;
				CURRENT_PROJECT_VERSION = 1;
				GENERATE_INFOPLIST_FILE = YES;
				MACOSX_DEPLOYMENT_TARGET = 13.0;
				MARKETING_VERSION = 1.0;
				PRODUCT_BUNDLE_IDENTIFIER = com.edith.EdithTests;
				PRODUCT_NAME = "$(TARGET_NAME)";
				SWIFT_EMIT_LOC_STRINGS = NO;
				SWIFT_VERSION = 5.0;
				TEST_HOST = "$(BUILT_PRODUCTS_DIR)/Edith.app/$(BUNDLE_EXECUTABLE_FOLDER_PATH)/Edith";
			};
			name = Release;
		};
		U81 /* Debug */ = {
			isa = XCBuildConfiguration;
			buildSettings = {
				CODE_SIGN_STYLE = Automatic;
				CURRENT_PROJECT_VERSION = 1;
				GENERATE_INFOPLIST_FILE = YES;
				MACOSX_DEPLOYMENT_TARGET = 13.0;
				MARKETING_VERSION = 1.0;
				PRODUCT_BUNDLE_IDENTIFIER = com.edith.EdithUITests;
				PRODUCT_NAME = "$(TARGET_NAME)";
				SWIFT_EMIT_LOC_STRINGS = NO;
				SWIFT_VERSION = 5.0;
				TEST_TARGET_NAME = Edith;
			};
			name = Debug;
		};
		U82 /* Release */ = {
			isa = XCBuildConfiguration;
			buildSettings = {
				CODE_SIGN_STYLE = Automatic;
				CURRENT_PROJECT_VERSION = 1;
				GENERATE_INFOPLIST_FILE = YES;
				MACOSX_DEPLOYMENT_TARGET = 13.0;
				MARKETING_VERSION = 1.0;
				PRODUCT_BUNDLE_IDENTIFIER = com.edith.EdithUITests;
				PRODUCT_NAME = "$(TARGET_NAME)";
				SWIFT_EMIT_LOC_STRINGS = NO;
				SWIFT_VERSION = 5.0;
				TEST_TARGET_NAME = Edith;
			};
			name = Release;
		};
/* End XCBuildConfiguration section */

/* Begin XCConfigurationList section */
		800 /* Build configuration list for PBXNativeTarget "Edith" */ = {
			isa = XCConfigurationList;
			buildConfigurations = (
				A03 /* Debug */,
				A04 /* Release */,
			);
			defaultConfigurationIsVisible = 0;
			defaultConfigurationName = Release;
		};
		901 /* Build configuration list for PBXProject "Edith" */ = {
			isa = XCConfigurationList;
			buildConfigurations = (
				A01 /* Debug */,
				A02 /* Release */,
			);
			defaultConfigurationIsVisible = 0;
			defaultConfigurationName = Release;
		};
		T80 /* Build configuration list for PBXNativeTarget "EdithTests" */ = {
			isa = XCConfigurationList;
			buildConfigurations = (
				T81 /* Debug */,
				T82 /* Release */,
			);
			defaultConfigurationIsVisible = 0;
			defaultConfigurationName = Release;
		};
		U80 /* Build configuration list for PBXNativeTarget "EdithUITests" */ = {
			isa = XCConfigurationList;
			buildConfigurations = (
				U81 /* Debug */,
				U82 /* Release */,
			);
			defaultConfigurationIsVisible = 0;
			defaultConfigurationName = Release;
		};
/* End XCConfigurationList section */

/* Begin XCRemoteSwiftPackageReference section */
		P03 /* XCRemoteSwiftPackageReference "HighlightSwift" */ = {
			isa = XCRemoteSwiftPackageReference;
			repositoryURL = "https://github.com/appstefan/HighlightSwift.git";
			requirement = {
				kind = upToNextMajorVersion;
				minimumVersion = 1.1.0;
			};
		};
/* End XCRemoteSwiftPackageReference section */

/* Begin XCSwiftPackageProductDependency section */
		P02 /* HighlightSwift */ = {
			isa = XCSwiftPackageProductDependency;
			package = P03 /* XCRemoteSwiftPackageReference "HighlightSwift" */;
			productName = HighlightSwift;
		};
/* End XCSwiftPackageProductDependency section */

	};
	rootObject = 900 /* Project object */;
}
